
Microsoft Visual Studio Solution File, Format Version 12.00
# Visual Studio Version 16
VisualStudioVersion = 16.0.28822.285
MinimumVisualStudioVersion = 10.0.40219.1
Project("{FAE04EC0-301F-11D3-BF4B-00C04F79EFBC}") = "Clases y metodos", "Clases y metodos\Clases y metodos.csproj", "{3DFCF690-2904-45C1-BEF1-CCBD6B2F9012}"
EndProject
Project("{FAE04EC0-301F-11D3-BF4B-00C04F79EFBC}") = "Edad", "Edad\Edad.csproj", "{61EABC0A-406F-43C7-A407-D7007AF2FC2B}"
EndProject
Project("{FAE04EC0-301F-11D3-BF4B-00C04F79EFBC}") = "Ecuacion", "Ecuacion\Ecuacion.csproj", "{FB7A2F40-1502-4660-8885-142B13D4DB8B}"
EndProject
Global
	GlobalSection(SolutionConfigurationPlatforms) = preSolution
		Debug|Any CPU = Debug|Any CPU
		Release|Any CPU = Release|Any CPU
	EndGlobalSection
	GlobalSection(ProjectConfigurationPlatforms) = postSolution
		{3DFCF690-2904-45C1-BEF1-CCBD6B2F9012}.Debug|Any CPU.ActiveCfg = Debug|Any CPU
		{3DFCF690-2904-45C1-BEF1-CCBD6B2F9012}.Debug|Any CPU.Build.0 = Debug|Any CPU
		{3DFCF690-2904-45C1-BEF1-CCBD6B2F9012}.Release|Any CPU.ActiveCfg = Release|Any CPU
		{3DFCF690-2904-45C1-BEF1-CCBD6B2F9012}.Release|Any CPU.Build.0 = Release|Any CPU
		{61EABC0A-406F-43C7-A407-D7007AF2FC2B}.Debug|Any CPU.ActiveCfg = Debug|Any CPU
		{61EABC0A-406F-43C7-A407-D7007AF2FC2B}.Debug|Any CPU.Build.0 = Debug|Any CPU
		{61EABC0A-406F-43C7-A407-D7007AF2FC2B}.Release|Any CPU.ActiveCfg = Release|Any CPU
		{61EABC0A-406F-43C7-A407-D7007AF2FC2B}.Release|Any CPU.Build.0 = Release|Any CPU
		{FB7A2F40-1502-4660-8885-142B13D4DB8B}.Debug|Any CPU.ActiveCfg = Debug|Any CPU
		{FB7A2F40-1502-4660-8885-142B13D4DB8B}.Debug|Any CPU.Build.0 = Debug|Any CPU
		{FB7A2F40-1502-4660-8885-142B13D4DB8B}.Release|Any CPU.ActiveCfg = Release|Any CPU
		{FB7A2F40-1502-4660-8885-142B13D4DB8B}.Release|Any CPU.Build.0 = Release|Any CPU
	EndGlobalSection
	GlobalSection(SolutionProperties) = preSolution
		HideSolutionNode = FALSE
	EndGlobalSection
	GlobalSection(ExtensibilityGlobals) = postSolution
		SolutionGuid = {08BEE431-B838-42DC-81F1-ADC7C9751BE6}
	EndGlobalSection
EndGlobal
